
Microsoft Visual Studio Solution File, Format Version 12.00
Project("{FAE04EC0-301F-11D3-BF4B-00C04F79EFBC}") = "EpamKse.GameStore.Api", "EpamKse.GameStore.Api\EpamKse.GameStore.Api.csproj", "{3D9A7A2C-05BA-48C4-841C-781D086B881F}"
EndProject
Project("{2150E333-8FDC-42A3-9474-1A3956D46DE8}") = "src", "src", "{D02A0407-E1FF-4BE0-A264-CD29349B1354}"
EndProject
Project("{FAE04EC0-301F-11D3-BF4B-00C04F79EFBC}") = "EpamKse.GameStore.DataAccess", "EpamKse.GameStore.DataAccess\EpamKse.GameStore.DataAccess.csproj", "{D39AD1D8-3A8E-4667-954F-E13A166E8BB3}"
EndProject
Project("{FAE04EC0-301F-11D3-BF4B-00C04F79EFBC}") = "EpamKse.GameStore.Tests", "EpamKse.GameStore.Tests\EpamKse.GameStore.Tests.csproj", "{C0FF5766-E534-43D6-BD9F-94D6A6DC09AD}"
EndProject
Global
	GlobalSection(SolutionConfigurationPlatforms) = preSolution
		Debug|Any CPU = Debug|Any CPU
		Release|Any CPU = Release|Any CPU
	EndGlobalSection
	GlobalSection(ProjectConfigurationPlatforms) = postSolution
		{3D9A7A2C-05BA-48C4-841C-781D086B881F}.Debug|Any CPU.ActiveCfg = Debug|Any CPU
		{3D9A7A2C-05BA-48C4-841C-781D086B881F}.Debug|Any CPU.Build.0 = Debug|Any CPU
		{3D9A7A2C-05BA-48C4-841C-781D086B881F}.Release|Any CPU.ActiveCfg = Release|Any CPU
		{3D9A7A2C-05BA-48C4-841C-781D086B881F}.Release|Any CPU.Build.0 = Release|Any CPU
		{D39AD1D8-3A8E-4667-954F-E13A166E8BB3}.Debug|Any CPU.ActiveCfg = Debug|Any CPU
		{D39AD1D8-3A8E-4667-954F-E13A166E8BB3}.Debug|Any CPU.Build.0 = Debug|Any CPU
		{D39AD1D8-3A8E-4667-954F-E13A166E8BB3}.Release|Any CPU.ActiveCfg = Release|Any CPU
		{D39AD1D8-3A8E-4667-954F-E13A166E8BB3}.Release|Any CPU.Build.0 = Release|Any CPU
		{C0FF5766-E534-43D6-BD9F-94D6A6DC09AD}.Debug|Any CPU.ActiveCfg = Debug|Any CPU
		{C0FF5766-E534-43D6-BD9F-94D6A6DC09AD}.Debug|Any CPU.Build.0 = Debug|Any CPU
		{C0FF5766-E534-43D6-BD9F-94D6A6DC09AD}.Release|Any CPU.ActiveCfg = Release|Any CPU
		{C0FF5766-E534-43D6-BD9F-94D6A6DC09AD}.Release|Any CPU.Build.0 = Release|Any CPU
	EndGlobalSection
	GlobalSection(NestedProjects) = preSolution
		{3D9A7A2C-05BA-48C4-841C-781D086B881F} = {D02A0407-E1FF-4BE0-A264-CD29349B1354}
		{D39AD1D8-3A8E-4667-954F-E13A166E8BB3} = {D02A0407-E1FF-4BE0-A264-CD29349B1354}
		{C0FF5766-E534-43D6-BD9F-94D6A6DC09AD} = {D02A0407-E1FF-4BE0-A264-CD29349B1354}
	EndGlobalSection
EndGlobal
